// !$*UTF8*$!
{
	archiveVersion = 1;
	classes = {
	};
	objectVersion = 56;
	objects = {

/* Begin PBXBuildFile section */
		1044AC992B40F7F100189F02 /* main.swift in Sources */ = {isa = PBXBuildFile; fileRef = 1044AC982B40F7F100189F02 /* main.swift */; };
/* End PBXBuildFile section */

/* Begin PBXCopyFilesBuildPhase section */
		1044AC932B40F7F100189F02 /* CopyFiles */ = {
			isa = PBXCopyFilesBuildPhase;
			buildActionMask = 2147483647;
			dstPath = /usr/share/man/man1/;
			dstSubfolderSpec = 0;
			files = (
			);
			runOnlyForDeploymentPostprocessing = 1;
		};
/* End PBXCopyFilesBuildPhase section */

/* Begin PBXFileReference section */
		1027002E2B6BB51700312E3C /* 16472**.swift */ = {isa = PBXFileReference; lastKnownFileType = sourcecode.swift; path = "16472**.swift"; sourceTree = "<group>"; };
		1027002F2B6BD91900312E3C /* 25192.swift */ = {isa = PBXFileReference; lastKnownFileType = sourcecode.swift; path = 25192.swift; sourceTree = "<group>"; };
		102700522B6D11AF00312E3C /* 10986.swift */ = {isa = PBXFileReference; lastKnownFileType = sourcecode.swift; path = 10986.swift; sourceTree = "<group>"; };
		102700862B6E7C3700312E3C /* 2446.swift */ = {isa = PBXFileReference; lastKnownFileType = sourcecode.swift; path = 2446.swift; sourceTree = "<group>"; };
		1027FFEA2B69D0D300312E3C /* 1764.swift */ = {isa = PBXFileReference; lastKnownFileType = sourcecode.swift; path = 1764.swift; sourceTree = "<group>"; };
		10332E222B7116D4006AD2C9 /* 7795.swift */ = {isa = PBXFileReference; lastKnownFileType = sourcecode.swift; path = 7795.swift; sourceTree = "<group>"; };
		1044AC952B40F7F100189F02 /* baekjoonsols */ = {isa = PBXFileReference; explicitFileType = "compiled.mach-o.executable"; includeInIndex = 0; path = baekjoonsols; sourceTree = BUILT_PRODUCTS_DIR; };
		1044AC982B40F7F100189F02 /* main.swift */ = {isa = PBXFileReference; lastKnownFileType = sourcecode.swift; path = main.swift; sourceTree = "<group>"; };
		106F2A632B6FDB0A00AEC19D /* 1475.swift */ = {isa = PBXFileReference; lastKnownFileType = sourcecode.swift; path = 1475.swift; sourceTree = "<group>"; };
		10A443452B56A19300E395AF /* 18870.swift */ = {isa = PBXFileReference; lastKnownFileType = sourcecode.swift; path = 18870.swift; sourceTree = "<group>"; };
		10A443482B577B4F00E395AF /* 11659.swift */ = {isa = PBXFileReference; lastKnownFileType = sourcecode.swift; path = 11659.swift; sourceTree = "<group>"; };
		10A443492B57AECF00E395AF /* 16713.swift */ = {isa = PBXFileReference; lastKnownFileType = sourcecode.swift; path = 16713.swift; sourceTree = "<group>"; };
		10A443712B5972A200E395AF /* 1920.swift */ = {isa = PBXFileReference; lastKnownFileType = sourcecode.swift; path = 1920.swift; sourceTree = "<group>"; };
		10A443722B59F63D00E395AF /* 14425.swift */ = {isa = PBXFileReference; lastKnownFileType = sourcecode.swift; path = 14425.swift; sourceTree = "<group>"; };
		10A443792B5A5C2B00E395AF /* 19951*.swift */ = {isa = PBXFileReference; lastKnownFileType = sourcecode.swift; path = "19951*.swift"; sourceTree = "<group>"; };
		10A4437A2B5A62D100E395AF /* 11660**.swift */ = {isa = PBXFileReference; lastKnownFileType = sourcecode.swift; path = "11660**.swift"; sourceTree = "<group>"; };
		10A4437F2B5B6EED00E395AF /* 2295.swift */ = {isa = PBXFileReference; lastKnownFileType = sourcecode.swift; path = 2295.swift; sourceTree = "<group>"; };
		10A443802B5B711B00E395AF /* FastIO.swift */ = {isa = PBXFileReference; lastKnownFileType = sourcecode.swift; path = FastIO.swift; sourceTree = "<group>"; };
		10A443832B5D39CB00E395AF /* 2417*.swift */ = {isa = PBXFileReference; lastKnownFileType = sourcecode.swift; path = "2417*.swift"; sourceTree = "<group>"; };
		10A443992B5EAB3D00E395AF /* 10816*.swift */ = {isa = PBXFileReference; lastKnownFileType = sourcecode.swift; path = "10816*.swift"; sourceTree = "<group>"; };
		10C1CEE12B439CAD000A6B99 /* 1919.swift */ = {isa = PBXFileReference; lastKnownFileType = sourcecode.swift; path = 1919.swift; sourceTree = "<group>"; };
		10C1CEE32B43A69D000A6B99 /* 1157.swift */ = {isa = PBXFileReference; lastKnownFileType = sourcecode.swift; path = 1157.swift; sourceTree = "<group>"; };
		10C1CEF72B443EE5000A6B99 /* 1543.swift */ = {isa = PBXFileReference; lastKnownFileType = sourcecode.swift; path = 1543.swift; sourceTree = "<group>"; };
		10DEFC942B51715600654B06 /* 2817.swift */ = {isa = PBXFileReference; lastKnownFileType = sourcecode.swift; path = 2817.swift; sourceTree = "<group>"; };
		10DEFC952B52B3AA00654B06 /* 2751.swift */ = {isa = PBXFileReference; lastKnownFileType = sourcecode.swift; path = 2751.swift; sourceTree = "<group>"; };
		10DEFC962B52CB4D00654B06 /* 2745.swift */ = {isa = PBXFileReference; lastKnownFileType = sourcecode.swift; path = 2745.swift; sourceTree = "<group>"; };
		10DEFC972B53F6E600654B06 /* 1233.swift */ = {isa = PBXFileReference; lastKnownFileType = sourcecode.swift; path = 1233.swift; sourceTree = "<group>"; };
		10DEFC982B53F75300654B06 /* 3085*.swift */ = {isa = PBXFileReference; lastKnownFileType = sourcecode.swift; path = "3085*.swift"; sourceTree = "<group>"; };
		10DEFC992B5416E500654B06 /* 2840.swift */ = {isa = PBXFileReference; lastKnownFileType = sourcecode.swift; path = 2840.swift; sourceTree = "<group>"; };
		10DEFC9A2B54172B00654B06 /* 1181.swift */ = {isa = PBXFileReference; lastKnownFileType = sourcecode.swift; path = 1181.swift; sourceTree = "<group>"; };
		10DEFC9B2B54ED0E00654B06 /* 10814.swift */ = {isa = PBXFileReference; lastKnownFileType = sourcecode.swift; path = 10814.swift; sourceTree = "<group>"; };
		10DEFCA02B554AAF00654B06 /* 7785.swift */ = {isa = PBXFileReference; lastKnownFileType = sourcecode.swift; path = 7785.swift; sourceTree = "<group>"; };
		10DEFCA12B555A9500654B06 /* 1302.swift */ = {isa = PBXFileReference; lastKnownFileType = sourcecode.swift; path = 1302.swift; sourceTree = "<group>"; };
		10E91D0E2B4A7A9400F1AB4C /* 13223.swift */ = {isa = PBXFileReference; lastKnownFileType = sourcecode.swift; path = 13223.swift; sourceTree = "<group>"; };
		10E91D102B4A9B7400F1AB4C /* 10158.swift */ = {isa = PBXFileReference; lastKnownFileType = sourcecode.swift; path = 10158.swift; sourceTree = "<group>"; };
		10E91D122B4AB82000F1AB4C /* 1236.swift */ = {isa = PBXFileReference; lastKnownFileType = sourcecode.swift; path = 1236.swift; sourceTree = "<group>"; };
		10E91D142B4BD28900F1AB4C /* 10431.swift */ = {isa = PBXFileReference; lastKnownFileType = sourcecode.swift; path = 10431.swift; sourceTree = "<group>"; };
		10E91D152B4BE1C400F1AB4C /* 15552*.swift */ = {isa = PBXFileReference; lastKnownFileType = sourcecode.swift; path = "15552*.swift"; sourceTree = "<group>"; };
		10E91DB42B4C395F00F1AB4C /* 10989.swift */ = {isa = PBXFileReference; lastKnownFileType = sourcecode.swift; path = 10989.swift; sourceTree = "<group>"; };
		10E91DB52B4CD27200F1AB4C /* 3273.swift */ = {isa = PBXFileReference; lastKnownFileType = sourcecode.swift; path = 3273.swift; sourceTree = "<group>"; };
		10E91DB62B4CDECB00F1AB4C /* 2309.swift */ = {isa = PBXFileReference; lastKnownFileType = sourcecode.swift; path = 2309.swift; sourceTree = "<group>"; };
		10E91DD82B4D90B000F1AB4C /* 11005.swift */ = {isa = PBXFileReference; lastKnownFileType = sourcecode.swift; path = 11005.swift; sourceTree = "<group>"; };
		10E91DD92B4E600800F1AB4C /* 10448.swift */ = {isa = PBXFileReference; lastKnownFileType = sourcecode.swift; path = 10448.swift; sourceTree = "<group>"; };
		10E91DE62B4EAC7900F1AB4C /* 11068.swift */ = {isa = PBXFileReference; lastKnownFileType = sourcecode.swift; path = 11068.swift; sourceTree = "<group>"; };
		10E91DE72B50133400F1AB4C /* 10250.swift */ = {isa = PBXFileReference; lastKnownFileType = sourcecode.swift; path = 10250.swift; sourceTree = "<group>"; };
		10E91DE82B50366A00F1AB4C /* 1739.swift */ = {isa = PBXFileReference; lastKnownFileType = sourcecode.swift; path = 1739.swift; sourceTree = "<group>"; };
		10EACEFB2B5FE7DD008DD202 /* 2805.swift */ = {isa = PBXFileReference; lastKnownFileType = sourcecode.swift; path = 2805.swift; sourceTree = "<group>"; };
		10EACEFC2B5FE842008DD202 /* 2470**.swift */ = {isa = PBXFileReference; lastKnownFileType = sourcecode.swift; path = "2470**.swift"; sourceTree = "<group>"; };
		10EACEFD2B60B2CB008DD202 /* 1654.swift */ = {isa = PBXFileReference; lastKnownFileType = sourcecode.swift; path = 1654.swift; sourceTree = "<group>"; };
		10EACF002B625D23008DD202 /* 2003.swift */ = {isa = PBXFileReference; lastKnownFileType = sourcecode.swift; path = 2003.swift; sourceTree = "<group>"; };
		10EACF162B63D1CD008DD202 /* 1806.swift */ = {isa = PBXFileReference; lastKnownFileType = sourcecode.swift; path = 1806.swift; sourceTree = "<group>"; };
		10EACF172B652686008DD202 /* 2230.swift */ = {isa = PBXFileReference; lastKnownFileType = sourcecode.swift; path = 2230.swift; sourceTree = "<group>"; };
		10EACF2C2B67EB83008DD202 /* 11728.swift */ = {isa = PBXFileReference; lastKnownFileType = sourcecode.swift; path = 11728.swift; sourceTree = "<group>"; };
		10EACF2D2B687ED1008DD202 /* 17609*.swift */ = {isa = PBXFileReference; lastKnownFileType = sourcecode.swift; path = "17609*.swift"; sourceTree = "<group>"; };
/* End PBXFileReference section */

/* Begin PBXFrameworksBuildPhase section */
		1044AC922B40F7F100189F02 /* Frameworks */ = {
			isa = PBXFrameworksBuildPhase;
			buildActionMask = 2147483647;
			files = (
			);
			runOnlyForDeploymentPostprocessing = 0;
		};
/* End PBXFrameworksBuildPhase section */

/* Begin PBXGroup section */
		1044AC8C2B40F7F100189F02 = {
			isa = PBXGroup;
			children = (
				1044AC972B40F7F100189F02 /* baekjoonsols */,
				1044AC962B40F7F100189F02 /* Products */,
			);
			sourceTree = "<group>";
		};
		1044AC962B40F7F100189F02 /* Products */ = {
			isa = PBXGroup;
			children = (
				1044AC952B40F7F100189F02 /* baekjoonsols */,
			);
			name = Products;
			sourceTree = "<group>";
		};
		1044AC972B40F7F100189F02 /* baekjoonsols */ = {
			isa = PBXGroup;
			children = (
				1044AC982B40F7F100189F02 /* main.swift */,
				10332E222B7116D4006AD2C9 /* 7795.swift */,
				106F2A632B6FDB0A00AEC19D /* 1475.swift */,
				102700862B6E7C3700312E3C /* 2446.swift */,
				102700522B6D11AF00312E3C /* 10986.swift */,
				1027002F2B6BD91900312E3C /* 25192.swift */,
				1027002E2B6BB51700312E3C /* 16472**.swift */,
				1027FFEA2B69D0D300312E3C /* 1764.swift */,
				10EACF2D2B687ED1008DD202 /* 17609*.swift */,
				10EACF2C2B67EB83008DD202 /* 11728.swift */,
				10EACF172B652686008DD202 /* 2230.swift */,
				10EACF162B63D1CD008DD202 /* 1806.swift */,
				10EACF002B625D23008DD202 /* 2003.swift */,
				10EACEFD2B60B2CB008DD202 /* 1654.swift */,
				10EACEFB2B5FE7DD008DD202 /* 2805.swift */,
				10EACEFC2B5FE842008DD202 /* 2470**.swift */,
				10A443992B5EAB3D00E395AF /* 10816*.swift */,
				10A443832B5D39CB00E395AF /* 2417*.swift */,
				10A443802B5B711B00E395AF /* FastIO.swift */,
				10A4437F2B5B6EED00E395AF /* 2295.swift */,
				10A4437A2B5A62D100E395AF /* 11660**.swift */,
				10A443792B5A5C2B00E395AF /* 19951*.swift */,
				10A443722B59F63D00E395AF /* 14425.swift */,
				10A443712B5972A200E395AF /* 1920.swift */,
				10A443492B57AECF00E395AF /* 16713.swift */,
				10A443482B577B4F00E395AF /* 11659.swift */,
				10A443452B56A19300E395AF /* 18870.swift */,
				10DEFCA12B555A9500654B06 /* 1302.swift */,
				10DEFCA02B554AAF00654B06 /* 7785.swift */,
				10DEFC9B2B54ED0E00654B06 /* 10814.swift */,
				10DEFC9A2B54172B00654B06 /* 1181.swift */,
				10DEFC992B5416E500654B06 /* 2840.swift */,
				10DEFC982B53F75300654B06 /* 3085*.swift */,
				10DEFC972B53F6E600654B06 /* 1233.swift */,
				10DEFC962B52CB4D00654B06 /* 2745.swift */,
				10DEFC952B52B3AA00654B06 /* 2751.swift */,
				10DEFC942B51715600654B06 /* 2817.swift */,
				10E91DE82B50366A00F1AB4C /* 1739.swift */,
				10E91DE72B50133400F1AB4C /* 10250.swift */,
				10E91DE62B4EAC7900F1AB4C /* 11068.swift */,
				10E91DD92B4E600800F1AB4C /* 10448.swift */,
				10E91DD82B4D90B000F1AB4C /* 11005.swift */,
				10E91DB62B4CDECB00F1AB4C /* 2309.swift */,
				10E91DB52B4CD27200F1AB4C /* 3273.swift */,
				10E91DB42B4C395F00F1AB4C /* 10989.swift */,
				10E91D152B4BE1C400F1AB4C /* 15552*.swift */,
				10E91D142B4BD28900F1AB4C /* 10431.swift */,
				10E91D122B4AB82000F1AB4C /* 1236.swift */,
				10E91D102B4A9B7400F1AB4C /* 10158.swift */,
				10E91D0E2B4A7A9400F1AB4C /* 13223.swift */,
				10C1CEF72B443EE5000A6B99 /* 1543.swift */,
				10C1CEE12B439CAD000A6B99 /* 1919.swift */,
				10C1CEE32B43A69D000A6B99 /* 1157.swift */,
			);
			path = baekjoonsols;
			sourceTree = "<group>";
		};
/* End PBXGroup section */

/* Begin PBXNativeTarget section */
		1044AC942B40F7F100189F02 /* baekjoonsols */ = {
			isa = PBXNativeTarget;
			buildConfigurationList = 1044AC9C2B40F7F100189F02 /* Build configuration list for PBXNativeTarget "baekjoonsols" */;
			buildPhases = (
				1044AC912B40F7F100189F02 /* Sources */,
				1044AC922B40F7F100189F02 /* Frameworks */,
				1044AC932B40F7F100189F02 /* CopyFiles */,
			);
			buildRules = (
			);
			dependencies = (
			);
			name = baekjoonsols;
			productName = baekjoonsols;
			productReference = 1044AC952B40F7F100189F02 /* baekjoonsols */;
			productType = "com.apple.product-type.tool";
		};
/* End PBXNativeTarget section */

/* Begin PBXProject section */
		1044AC8D2B40F7F100189F02 /* Project object */ = {
			isa = PBXProject;
			attributes = {
				BuildIndependentTargetsInParallel = 1;
				LastSwiftUpdateCheck = 1420;
				LastUpgradeCheck = 1420;
				TargetAttributes = {
					1044AC942B40F7F100189F02 = {
						CreatedOnToolsVersion = 14.2;
					};
				};
			};
			buildConfigurationList = 1044AC902B40F7F100189F02 /* Build configuration list for PBXProject "baekjoonsols" */;
			compatibilityVersion = "Xcode 14.0";
			developmentRegion = en;
			hasScannedForEncodings = 0;
			knownRegions = (
				en,
				Base,
			);
			mainGroup = 1044AC8C2B40F7F100189F02;
			productRefGroup = 1044AC962B40F7F100189F02 /* Products */;
			projectDirPath = "";
			projectRoot = "";
			targets = (
				1044AC942B40F7F100189F02 /* baekjoonsols */,
			);
		};
/* End PBXProject section */

/* Begin PBXSourcesBuildPhase section */
		1044AC912B40F7F100189F02 /* Sources */ = {
			isa = PBXSourcesBuildPhase;
			buildActionMask = 2147483647;
			files = (
				1044AC992B40F7F100189F02 /* main.swift in Sources */,
			);
			runOnlyForDeploymentPostprocessing = 0;
		};
/* End PBXSourcesBuildPhase section */

/* Begin XCBuildConfiguration section */
		1044AC9A2B40F7F100189F02 /* Debug */ = {
			isa = XCBuildConfiguration;
			buildSettings = {
				ALWAYS_SEARCH_USER_PATHS = NO;
				CLANG_ANALYZER_NONNULL = YES;
				CLANG_ANALYZER_NUMBER_OBJECT_CONVERSION = YES_AGGRESSIVE;
				CLANG_CXX_LANGUAGE_STANDARD = "gnu++20";
				CLANG_ENABLE_MODULES = YES;
				CLANG_ENABLE_OBJC_ARC = YES;
				CLANG_ENABLE_OBJC_WEAK = YES;
				CLANG_WARN_BLOCK_CAPTURE_AUTORELEASING = YES;
				CLANG_WARN_BOOL_CONVERSION = YES;
				CLANG_WARN_COMMA = YES;
				CLANG_WARN_CONSTANT_CONVERSION = YES;
				CLANG_WARN_DEPRECATED_OBJC_IMPLEMENTATIONS = YES;
				CLANG_WARN_DIRECT_OBJC_ISA_USAGE = YES_ERROR;
				CLANG_WARN_DOCUMENTATION_COMMENTS = YES;
				CLANG_WARN_EMPTY_BODY = YES;
				CLANG_WARN_ENUM_CONVERSION = YES;
				CLANG_WARN_INFINITE_RECURSION = YES;
				CLANG_WARN_INT_CONVERSION = YES;
				CLANG_WARN_NON_LITERAL_NULL_CONVERSION = YES;
				CLANG_WARN_OBJC_IMPLICIT_RETAIN_SELF = YES;
				CLANG_WARN_OBJC_LITERAL_CONVERSION = YES;
				CLANG_WARN_OBJC_ROOT_CLASS = YES_ERROR;
				CLANG_WARN_QUOTED_INCLUDE_IN_FRAMEWORK_HEADER = YES;
				CLANG_WARN_RANGE_LOOP_ANALYSIS = YES;
				CLANG_WARN_STRICT_PROTOTYPES = YES;
				CLANG_WARN_SUSPICIOUS_MOVE = YES;
				CLANG_WARN_UNGUARDED_AVAILABILITY = YES_AGGRESSIVE;
				CLANG_WARN_UNREACHABLE_CODE = YES;
				CLANG_WARN__DUPLICATE_METHOD_MATCH = YES;
				COPY_PHASE_STRIP = NO;
				DEBUG_INFORMATION_FORMAT = dwarf;
				ENABLE_STRICT_OBJC_MSGSEND = YES;
				ENABLE_TESTABILITY = YES;
				GCC_C_LANGUAGE_STANDARD = gnu11;
				GCC_DYNAMIC_NO_PIC = NO;
				GCC_NO_COMMON_BLOCKS = YES;
				GCC_OPTIMIZATION_LEVEL = 0;
				GCC_PREPROCESSOR_DEFINITIONS = (
					"DEBUG=1",
					"$(inherited)",
				);
				GCC_WARN_64_TO_32_BIT_CONVERSION = YES;
				GCC_WARN_ABOUT_RETURN_TYPE = YES_ERROR;
				GCC_WARN_UNDECLARED_SELECTOR = YES;
				GCC_WARN_UNINITIALIZED_AUTOS = YES_AGGRESSIVE;
				GCC_WARN_UNUSED_FUNCTION = YES;
				GCC_WARN_UNUSED_VARIABLE = YES;
				MACOSX_DEPLOYMENT_TARGET = 13.1;
				MTL_ENABLE_DEBUG_INFO = INCLUDE_SOURCE;
				MTL_FAST_MATH = YES;
				ONLY_ACTIVE_ARCH = YES;
				SDKROOT = macosx;
				SWIFT_ACTIVE_COMPILATION_CONDITIONS = DEBUG;
				SWIFT_OPTIMIZATION_LEVEL = "-Onone";
			};
			name = Debug;
		};
		1044AC9B2B40F7F100189F02 /* Release */ = {
			isa = XCBuildConfiguration;
			buildSettings = {
				ALWAYS_SEARCH_USER_PATHS = NO;
				CLANG_ANALYZER_NONNULL = YES;
				CLANG_ANALYZER_NUMBER_OBJECT_CONVERSION = YES_AGGRESSIVE;
				CLANG_CXX_LANGUAGE_STANDARD = "gnu++20";
				CLANG_ENABLE_MODULES = YES;
				CLANG_ENABLE_OBJC_ARC = YES;
				CLANG_ENABLE_OBJC_WEAK = YES;
				CLANG_WARN_BLOCK_CAPTURE_AUTORELEASING = YES;
				CLANG_WARN_BOOL_CONVERSION = YES;
				CLANG_WARN_COMMA = YES;
				CLANG_WARN_CONSTANT_CONVERSION = YES;
				CLANG_WARN_DEPRECATED_OBJC_IMPLEMENTATIONS = YES;
				CLANG_WARN_DIRECT_OBJC_ISA_USAGE = YES_ERROR;
				CLANG_WARN_DOCUMENTATION_COMMENTS = YES;
				CLANG_WARN_EMPTY_BODY = YES;
				CLANG_WARN_ENUM_CONVERSION = YES;
				CLANG_WARN_INFINITE_RECURSION = YES;
				CLANG_WARN_INT_CONVERSION = YES;
				CLANG_WARN_NON_LITERAL_NULL_CONVERSION = YES;
				CLANG_WARN_OBJC_IMPLICIT_RETAIN_SELF = YES;
				CLANG_WARN_OBJC_LITERAL_CONVERSION = YES;
				CLANG_WARN_OBJC_ROOT_CLASS = YES_ERROR;
				CLANG_WARN_QUOTED_INCLUDE_IN_FRAMEWORK_HEADER = YES;
				CLANG_WARN_RANGE_LOOP_ANALYSIS = YES;
				CLANG_WARN_STRICT_PROTOTYPES = YES;
				CLANG_WARN_SUSPICIOUS_MOVE = YES;
				CLANG_WARN_UNGUARDED_AVAILABILITY = YES_AGGRESSIVE;
				CLANG_WARN_UNREACHABLE_CODE = YES;
				CLANG_WARN__DUPLICATE_METHOD_MATCH = YES;
				COPY_PHASE_STRIP = NO;
				DEBUG_INFORMATION_FORMAT = "dwarf-with-dsym";
				ENABLE_NS_ASSERTIONS = NO;
				ENABLE_STRICT_OBJC_MSGSEND = YES;
				GCC_C_LANGUAGE_STANDARD = gnu11;
				GCC_NO_COMMON_BLOCKS = YES;
				GCC_WARN_64_TO_32_BIT_CONVERSION = YES;
				GCC_WARN_ABOUT_RETURN_TYPE = YES_ERROR;
				GCC_WARN_UNDECLARED_SELECTOR = YES;
				GCC_WARN_UNINITIALIZED_AUTOS = YES_AGGRESSIVE;
				GCC_WARN_UNUSED_FUNCTION = YES;
				GCC_WARN_UNUSED_VARIABLE = YES;
				MACOSX_DEPLOYMENT_TARGET = 13.1;
				MTL_ENABLE_DEBUG_INFO = NO;
				MTL_FAST_MATH = YES;
				SDKROOT = macosx;
				SWIFT_COMPILATION_MODE = wholemodule;
				SWIFT_OPTIMIZATION_LEVEL = "-O";
			};
			name = Release;
		};
		1044AC9D2B40F7F100189F02 /* Debug */ = {
			isa = XCBuildConfiguration;
			buildSettings = {
				CODE_SIGN_STYLE = Automatic;
				PRODUCT_NAME = "$(TARGET_NAME)";
				SWIFT_VERSION = 5.0;
			};
			name = Debug;
		};
		1044AC9E2B40F7F100189F02 /* Release */ = {
			isa = XCBuildConfiguration;
			buildSettings = {
				CODE_SIGN_STYLE = Automatic;
				PRODUCT_NAME = "$(TARGET_NAME)";
				SWIFT_VERSION = 5.0;
			};
			name = Release;
		};
/* End XCBuildConfiguration section */

/* Begin XCConfigurationList section */
		1044AC902B40F7F100189F02 /* Build configuration list for PBXProject "baekjoonsols" */ = {
			isa = XCConfigurationList;
			buildConfigurations = (
				1044AC9A2B40F7F100189F02 /* Debug */,
				1044AC9B2B40F7F100189F02 /* Release */,
			);
			defaultConfigurationIsVisible = 0;
			defaultConfigurationName = Release;
		};
		1044AC9C2B40F7F100189F02 /* Build configuration list for PBXNativeTarget "baekjoonsols" */ = {
			isa = XCConfigurationList;
			buildConfigurations = (
				1044AC9D2B40F7F100189F02 /* Debug */,
				1044AC9E2B40F7F100189F02 /* Release */,
			);
			defaultConfigurationIsVisible = 0;
			defaultConfigurationName = Release;
		};
/* End XCConfigurationList section */
	};
	rootObject = 1044AC8D2B40F7F100189F02 /* Project object */;
}
